
Microsoft Visual Studio Solution File, Format Version 12.00
# Visual Studio 14
VisualStudioVersion = 14.0.25420.1
MinimumVisualStudioVersion = 10.0.40219.1
Project("{FAE04EC0-301F-11D3-BF4B-00C04F79EFBC}") = "ImageProcessing", "ImageProcessing\ImageProcessing.csproj", "{BD541CDB-AD9B-41E1-A7F1-536534E6FBE8}"
EndProject
Project("{FAE04EC0-301F-11D3-BF4B-00C04F79EFBC}") = "ObjectIdentification", "ObjectIdentification\ObjectIdentification.csproj", "{5F916ABA-4108-4DA5-9BA0-0BB3234790EE}"
EndProject
Project("{FAE04EC0-301F-11D3-BF4B-00C04F79EFBC}") = "PoseEstimation", "PoseEstimation\PoseEstimation.csproj", "{9440630D-57E3-4BA2-BC78-6B22CD0825B7}"
EndProject
Global
	GlobalSection(SolutionConfigurationPlatforms) = preSolution
		Debug|Any CPU = Debug|Any CPU
		Release|Any CPU = Release|Any CPU
	EndGlobalSection
	GlobalSection(ProjectConfigurationPlatforms) = postSolution
		{BD541CDB-AD9B-41E1-A7F1-536534E6FBE8}.Debug|Any CPU.ActiveCfg = Debug|Any CPU
		{BD541CDB-AD9B-41E1-A7F1-536534E6FBE8}.Debug|Any CPU.Build.0 = Debug|Any CPU
		{BD541CDB-AD9B-41E1-A7F1-536534E6FBE8}.Release|Any CPU.ActiveCfg = Release|Any CPU
		{BD541CDB-AD9B-41E1-A7F1-536534E6FBE8}.Release|Any CPU.Build.0 = Release|Any CPU
		{5F916ABA-4108-4DA5-9BA0-0BB3234790EE}.Debug|Any CPU.ActiveCfg = Debug|Any CPU
		{5F916ABA-4108-4DA5-9BA0-0BB3234790EE}.Debug|Any CPU.Build.0 = Debug|Any CPU
		{5F916ABA-4108-4DA5-9BA0-0BB3234790EE}.Release|Any CPU.ActiveCfg = Release|Any CPU
		{5F916ABA-4108-4DA5-9BA0-0BB3234790EE}.Release|Any CPU.Build.0 = Release|Any CPU
		{9440630D-57E3-4BA2-BC78-6B22CD0825B7}.Debug|Any CPU.ActiveCfg = Debug|Any CPU
		{9440630D-57E3-4BA2-BC78-6B22CD0825B7}.Debug|Any CPU.Build.0 = Debug|Any CPU
		{9440630D-57E3-4BA2-BC78-6B22CD0825B7}.Release|Any CPU.ActiveCfg = Release|Any CPU
		{9440630D-57E3-4BA2-BC78-6B22CD0825B7}.Release|Any CPU.Build.0 = Release|Any CPU
	EndGlobalSection
	GlobalSection(SolutionProperties) = preSolution
		HideSolutionNode = FALSE
	EndGlobalSection
EndGlobal
